
Microsoft Visual Studio Solution File, Format Version 12.00
# Visual Studio Version 17
VisualStudioVersion = 17.0.32014.148
MinimumVisualStudioVersion = 10.0.40219.1
Project("{FAE04EC0-301F-11D3-BF4B-00C04F79EFBC}") = "frmTrangChu", "frmTrangChu\frmTrangChu.csproj", "{8664D2CE-715F-439F-BB7F-9F3FF1FC40B8}"
EndProject
Global
	GlobalSection(SolutionConfigurationPlatforms) = preSolution
		Debug|Any CPU = Debug|Any CPU
		Release|Any CPU = Release|Any CPU
	EndGlobalSection
	GlobalSection(ProjectConfigurationPlatforms) = postSolution
		{8664D2CE-715F-439F-BB7F-9F3FF1FC40B8}.Debug|Any CPU.ActiveCfg = Debug|Any CPU
		{8664D2CE-715F-439F-BB7F-9F3FF1FC40B8}.Debug|Any CPU.Build.0 = Debug|Any CPU
		{8664D2CE-715F-439F-BB7F-9F3FF1FC40B8}.Release|Any CPU.ActiveCfg = Release|Any CPU
		{8664D2CE-715F-439F-BB7F-9F3FF1FC40B8}.Release|Any CPU.Build.0 = Release|Any CPU
	EndGlobalSection
	GlobalSection(SolutionProperties) = preSolution
		HideSolutionNode = FALSE
	EndGlobalSection
	GlobalSection(ExtensibilityGlobals) = postSolution
		SolutionGuid = {A6635585-6AEA-42CC-A0B2-A9652880C7E9}
	EndGlobalSection
EndGlobal
